Microsoft Visual Studio Solution File, Format Version 12.00
# 17
VisualStudioVersion = 17.11.35208.52
MinimumVisualStudioVersion = 10.0.40219.1
Project("{FAE04EC0-301F-11D3-BF4B-00C04F79EFBC}") = "Logica", "Logica\Logica.csproj", "{ADE614D5-066C-4248-A016-A62F1E4AE958}"
EndProject
Global
	GlobalSection(SolutionConfigurationPlatforms) = preSolution
		Debug|Any CPU = Debug|Any CPU
		Release|Any CPU = Release|Any CPU
	EndGlobalSection
	GlobalSection(ProjectConfigurationPlatforms) = postSolution
		{ADE614D5-066C-4248-A016-A62F1E4AE958}.Debug|Any CPU.ActiveCfg = Debug|Any CPU
		{ADE614D5-066C-4248-A016-A62F1E4AE958}.Debug|Any CPU.Build.0 = Debug|Any CPU
		{ADE614D5-066C-4248-A016-A62F1E4AE958}.Release|Any CPU.ActiveCfg = Release|Any CPU
		{ADE614D5-066C-4248-A016-A62F1E4AE958}.Release|Any CPU.Build.0 = Release|Any CPU
	EndGlobalSection
	GlobalSection(SolutionProperties) = preSolution
		HideSolutionNode = FALSE
	EndGlobalSection
	GlobalSection(ExtensibilityGlobals) = postSolution
		SolutionGuid = {836D2216-6CA8-4769-8CA5-10ACDD78EB00}
	EndGlobalSection
EndGlobal
